Microsoft Visual Studio Solution File, Format Version 12.00
# Visual Studio 2012
Project("{FAE04EC0-301F-11D3-BF4B-00C04F79EFBC}") = ".-", ".-.csproj", "{495080EC-BD27-44C5-A4C6-328776876F9F}"
EndProject
Global
	GlobalSection(SolutionConfigurationPlatforms) = preSolution
	Debug|Any CPU = Debug|Any CPU
	ExportDebug|Any CPU = ExportDebug|Any CPU
	ExportRelease|Any CPU = ExportRelease|Any CPU
	EndGlobalSection
	GlobalSection(ProjectConfigurationPlatforms) = postSolution
		{495080EC-BD27-44C5-A4C6-328776876F9F}.Debug|Any CPU.ActiveCfg = Debug|Any CPU
		{495080EC-BD27-44C5-A4C6-328776876F9F}.Debug|Any CPU.Build.0 = Debug|Any CPU
		{495080EC-BD27-44C5-A4C6-328776876F9F}.ExportDebug|Any CPU.ActiveCfg = ExportDebug|Any CPU
		{495080EC-BD27-44C5-A4C6-328776876F9F}.ExportDebug|Any CPU.Build.0 = ExportDebug|Any CPU
		{495080EC-BD27-44C5-A4C6-328776876F9F}.ExportRelease|Any CPU.ActiveCfg = ExportRelease|Any CPU
		{495080EC-BD27-44C5-A4C6-328776876F9F}.ExportRelease|Any CPU.Build.0 = ExportRelease|Any CPU
	EndGlobalSection
EndGlobal
